
Microsoft Visual Studio Solution File, Format Version 12.00
# Visual Studio Version 16
VisualStudioVersion = 16.0.33927.289
MinimumVisualStudioVersion = 10.0.40219.1
Project("{2150E333-8FDC-42A3-9474-1A3956D46DE8}") = "Task0", "Task0", "{6F010296-B705-4B9A-B3AC-B605A2256A0D}"
EndProject
Project("{FAE04EC0-301F-11D3-BF4B-00C04F79EFBC}") = "Tyuiu.LachuginAV.Sprint1.V17", "Tyuiu.LachuginAV.Sprint1.V0\Tyuiu.LachuginAV.Sprint1.V17.csproj", "{74BB43A6-562C-44BC-9CD5-C6CB26BE3D0A}"
EndProject
Project("{FAE04EC0-301F-11D3-BF4B-00C04F79EFBC}") = "Tyuiu.LachuginAV.Sprint1.V17.Test", "Tyuiu.LachuginAV.Sprint1.V0.Test\Tyuiu.LachuginAV.Sprint1.V17.Test.csproj", "{605801E7-E994-4FFB-9832-7FAAB687687A}"
EndProject
Project("{FAE04EC0-301F-11D3-BF4B-00C04F79EFBC}") = "Tyuiu.LachuginAV.Sprint1.V17.Lib", "Tyuiu.LachuginAV.Sprint1.V0.Lib\Tyuiu.LachuginAV.Sprint1.V17.Lib.csproj", "{90C56993-BE08-466F-847A-C36EB92C62A2}"
EndProject
Project("{2150E333-8FDC-42A3-9474-1A3956D46DE8}") = "Task1", "Task1", "{A1DBCA68-CFFA-4555-9229-A7D6E2B5108F}"
EndProject
Project("{FAE04EC0-301F-11D3-BF4B-00C04F79EFBC}") = "Tyuiu.LachuginAV.Sprint1.Task1.V17", "Tyuiu.LachuginAV.Sprint1.Task1.V17\Tyuiu.LachuginAV.Sprint1.Task1.V17.csproj", "{8FCF2DC4-220A-4F92-8F70-7718E2A4654D}"
EndProject
Project("{FAE04EC0-301F-11D3-BF4B-00C04F79EFBC}") = "Tyuiu.LachuginAV.Sprint1.Task1.V17.Lib", "Tyuiu.LachuginAV.Sprint1.Task1.V17.Lib\Tyuiu.LachuginAV.Sprint1.Task1.V17.Lib.csproj", "{DE828E88-F2E1-46C6-9629-CA4E99FBA69F}"
EndProject
Project("{FAE04EC0-301F-11D3-BF4B-00C04F79EFBC}") = "Tyuiu.LachuginAV.Sprint1.Task1.V17.Test", "Tyuiu.LachuginAV.Sprint1.Task1.V17.Test\Tyuiu.LachuginAV.Sprint1.Task1.V17.Test.csproj", "{5E8159A1-8B40-4889-B205-7C7F8183EB0F}"
EndProject
Project("{2150E333-8FDC-42A3-9474-1A3956D46DE8}") = "Task2", "Task2", "{57A5C0E3-4211-4A4A-9107-231D83EF469E}"
EndProject
Project("{FAE04EC0-301F-11D3-BF4B-00C04F79EFBC}") = "Tyuiu.LachuginAV.Sprint1.Task2.V14", "Tyuiu.LachuginAV.Sprint1.Task2.V14\Tyuiu.LachuginAV.Sprint1.Task2.V14.csproj", "{256F4F22-AB77-4708-978B-9C9397CBB04D}"
EndProject
Project("{FAE04EC0-301F-11D3-BF4B-00C04F79EFBC}") = "Tyuiu.LachuginAV.Sprint1.Task2.V14.Lib", "Tyuiu.LachuginAV.Sprint1.Task2.V14.Lib\Tyuiu.LachuginAV.Sprint1.Task2.V14.Lib.csproj", "{76AFBC2E-45B5-4379-8AA9-805EDBDDF4B2}"
EndProject
Project("{FAE04EC0-301F-11D3-BF4B-00C04F79EFBC}") = "Tyuiu.LachuginAV.Sprint1.Task2.V14.Test", "Tyuiu.LachuginAV.Sprint1.Task2.V14.Test\Tyuiu.LachuginAV.Sprint1.Task2.V14.Test.csproj", "{0262C826-F833-4C5F-8F6F-FECD3EF47534}"
EndProject
Project("{2150E333-8FDC-42A3-9474-1A3956D46DE8}") = "Task3", "Task3", "{C46D4B67-1DF1-4CAA-A63F-6703E2AE9E94}"
EndProject
Project("{FAE04EC0-301F-11D3-BF4B-00C04F79EFBC}") = "Tyuiu.LachuginAV.Sprint1.Task3.V2", "Tyuiu.LachuginAV.Sprint1.Task3.V2\Tyuiu.LachuginAV.Sprint1.Task3.V2.csproj", "{1B45BD6C-7052-4A30-9EEA-F701ED74FD23}"
EndProject
Project("{FAE04EC0-301F-11D3-BF4B-00C04F79EFBC}") = "Tyuiu.LachuginAV.Sprint1.Task3.V2.Lib", "Tyuiu.LachuginAV.Sprint1.Task3.V2.Lib\Tyuiu.LachuginAV.Sprint1.Task3.V2.Lib.csproj", "{ECAB5933-F614-4712-B97C-A40E831E877D}"
EndProject
Project("{FAE04EC0-301F-11D3-BF4B-00C04F79EFBC}") = "Tyuiu.LachuginAV.Sprint1.Task3.V2.Test", "Tyuiu.LachuginAV.Sprint1.Task3.V2.Test\Tyuiu.LachuginAV.Sprint1.Task3.V2.Test.csproj", "{1BBE7741-C6A8-4000-BB08-C96D4EB161B4}"
EndProject
Project("{2150E333-8FDC-42A3-9474-1A3956D46DE8}") = "Task4", "Task4", "{37AC7A03-8ABF-4518-B1F6-7F3C204C6D75}"
EndProject
Project("{FAE04EC0-301F-11D3-BF4B-00C04F79EFBC}") = "Tyuiu.LachuginAV.Sprint1.Task4.V11", "Tyuiu.LachuginAV.Sprint1.Task4.V11\Tyuiu.LachuginAV.Sprint1.Task4.V11.csproj", "{46A27EAE-7AD3-40CC-8168-80AFB7DB981A}"
EndProject
Project("{FAE04EC0-301F-11D3-BF4B-00C04F79EFBC}") = "Tyuiu.LachuginAV.Sprint1.Task4.V11.Lib", "Tyuiu.LachuginAV.Sprint1.Task4.V11.Lib\Tyuiu.LachuginAV.Sprint1.Task4.V11.Lib.csproj", "{BE9CF273-383A-49F9-B908-68BA7AC650A9}"
EndProject
Project("{FAE04EC0-301F-11D3-BF4B-00C04F79EFBC}") = "Tyuiu.LachuginAV.Sprint1.Task4.V11.Test", "Tyuiu.LachuginAV.Sprint1.Task4.V11.Test\Tyuiu.LachuginAV.Sprint1.Task4.V11.Test.csproj", "{01D204B2-217E-4292-AFF6-84ADC197B612}"
EndProject
Global
	GlobalSection(SolutionConfigurationPlatforms) = preSolution
		Debug|Any CPU = Debug|Any CPU
		Release|Any CPU = Release|Any CPU
	EndGlobalSection
	GlobalSection(ProjectConfigurationPlatforms) = postSolution
		{74BB43A6-562C-44BC-9CD5-C6CB26BE3D0A}.Debug|Any CPU.ActiveCfg = Debug|Any CPU
		{74BB43A6-562C-44BC-9CD5-C6CB26BE3D0A}.Debug|Any CPU.Build.0 = Debug|Any CPU
		{74BB43A6-562C-44BC-9CD5-C6CB26BE3D0A}.Release|Any CPU.ActiveCfg = Release|Any CPU
		{74BB43A6-562C-44BC-9CD5-C6CB26BE3D0A}.Release|Any CPU.Build.0 = Release|Any CPU
		{605801E7-E994-4FFB-9832-7FAAB687687A}.Debug|Any CPU.ActiveCfg = Debug|Any CPU
		{605801E7-E994-4FFB-9832-7FAAB687687A}.Debug|Any CPU.Build.0 = Debug|Any CPU
		{605801E7-E994-4FFB-9832-7FAAB687687A}.Release|Any CPU.ActiveCfg = Release|Any CPU
		{605801E7-E994-4FFB-9832-7FAAB687687A}.Release|Any CPU.Build.0 = Release|Any CPU
		{90C56993-BE08-466F-847A-C36EB92C62A2}.Debug|Any CPU.ActiveCfg = Debug|Any CPU
		{90C56993-BE08-466F-847A-C36EB92C62A2}.Debug|Any CPU.Build.0 = Debug|Any CPU
		{90C56993-BE08-466F-847A-C36EB92C62A2}.Release|Any CPU.ActiveCfg = Release|Any CPU
		{90C56993-BE08-466F-847A-C36EB92C62A2}.Release|Any CPU.Build.0 = Release|Any CPU
		{8FCF2DC4-220A-4F92-8F70-7718E2A4654D}.Debug|Any CPU.ActiveCfg = Debug|Any CPU
		{8FCF2DC4-220A-4F92-8F70-7718E2A4654D}.Debug|Any CPU.Build.0 = Debug|Any CPU
		{8FCF2DC4-220A-4F92-8F70-7718E2A4654D}.Release|Any CPU.ActiveCfg = Release|Any CPU
		{8FCF2DC4-220A-4F92-8F70-7718E2A4654D}.Release|Any CPU.Build.0 = Release|Any CPU
		{DE828E88-F2E1-46C6-9629-CA4E99FBA69F}.Debug|Any CPU.ActiveCfg = Debug|Any CPU
		{DE828E88-F2E1-46C6-9629-CA4E99FBA69F}.Debug|Any CPU.Build.0 = Debug|Any CPU
		{DE828E88-F2E1-46C6-9629-CA4E99FBA69F}.Release|Any CPU.ActiveCfg = Release|Any CPU
		{DE828E88-F2E1-46C6-9629-CA4E99FBA69F}.Release|Any CPU.Build.0 = Release|Any CPU
		{5E8159A1-8B40-4889-B205-7C7F8183EB0F}.Debug|Any CPU.ActiveCfg = Debug|Any CPU
		{5E8159A1-8B40-4889-B205-7C7F8183EB0F}.Debug|Any CPU.Build.0 = Debug|Any CPU
		{5E8159A1-8B40-4889-B205-7C7F8183EB0F}.Release|Any CPU.ActiveCfg = Release|Any CPU
		{5E8159A1-8B40-4889-B205-7C7F8183EB0F}.Release|Any CPU.Build.0 = Release|Any CPU
		{256F4F22-AB77-4708-978B-9C9397CBB04D}.Debug|Any CPU.ActiveCfg = Debug|Any CPU
		{256F4F22-AB77-4708-978B-9C9397CBB04D}.Debug|Any CPU.Build.0 = Debug|Any CPU
		{256F4F22-AB77-4708-978B-9C9397CBB04D}.Release|Any CPU.ActiveCfg = Release|Any CPU
		{256F4F22-AB77-4708-978B-9C9397CBB04D}.Release|Any CPU.Build.0 = Release|Any CPU
		{76AFBC2E-45B5-4379-8AA9-805EDBDDF4B2}.Debug|Any CPU.ActiveCfg = Debug|Any CPU
		{76AFBC2E-45B5-4379-8AA9-805EDBDDF4B2}.Debug|Any CPU.Build.0 = Debug|Any CPU
		{76AFBC2E-45B5-4379-8AA9-805EDBDDF4B2}.Release|Any CPU.ActiveCfg = Release|Any CPU
		{76AFBC2E-45B5-4379-8AA9-805EDBDDF4B2}.Release|Any CPU.Build.0 = Release|Any CPU
		{0262C826-F833-4C5F-8F6F-FECD3EF47534}.Debug|Any CPU.ActiveCfg = Debug|Any CPU
		{0262C826-F833-4C5F-8F6F-FECD3EF47534}.Debug|Any CPU.Build.0 = Debug|Any CPU
		{0262C826-F833-4C5F-8F6F-FECD3EF47534}.Release|Any CPU.ActiveCfg = Release|Any CPU
		{0262C826-F833-4C5F-8F6F-FECD3EF47534}.Release|Any CPU.Build.0 = Release|Any CPU
		{1B45BD6C-7052-4A30-9EEA-F701ED74FD23}.Debug|Any CPU.ActiveCfg = Debug|Any CPU
		{1B45BD6C-7052-4A30-9EEA-F701ED74FD23}.Debug|Any CPU.Build.0 = Debug|Any CPU
		{1B45BD6C-7052-4A30-9EEA-F701ED74FD23}.Release|Any CPU.ActiveCfg = Release|Any CPU
		{1B45BD6C-7052-4A30-9EEA-F701ED74FD23}.Release|Any CPU.Build.0 = Release|Any CPU
		{ECAB5933-F614-4712-B97C-A40E831E877D}.Debug|Any CPU.ActiveCfg = Debug|Any CPU
		{ECAB5933-F614-4712-B97C-A40E831E877D}.Debug|Any CPU.Build.0 = Debug|Any CPU
		{ECAB5933-F614-4712-B97C-A40E831E877D}.Release|Any CPU.ActiveCfg = Release|Any CPU
		{ECAB5933-F614-4712-B97C-A40E831E877D}.Release|Any CPU.Build.0 = Release|Any CPU
		{1BBE7741-C6A8-4000-BB08-C96D4EB161B4}.Debug|Any CPU.ActiveCfg = Debug|Any CPU
		{1BBE7741-C6A8-4000-BB08-C96D4EB161B4}.Debug|Any CPU.Build.0 = Debug|Any CPU
		{1BBE7741-C6A8-4000-BB08-C96D4EB161B4}.Release|Any CPU.ActiveCfg = Release|Any CPU
		{1BBE7741-C6A8-4000-BB08-C96D4EB161B4}.Release|Any CPU.Build.0 = Release|Any CPU
		{46A27EAE-7AD3-40CC-8168-80AFB7DB981A}.Debug|Any CPU.ActiveCfg = Debug|Any CPU
		{46A27EAE-7AD3-40CC-8168-80AFB7DB981A}.Debug|Any CPU.Build.0 = Debug|Any CPU
		{46A27EAE-7AD3-40CC-8168-80AFB7DB981A}.Release|Any CPU.ActiveCfg = Release|Any CPU
		{46A27EAE-7AD3-40CC-8168-80AFB7DB981A}.Release|Any CPU.Build.0 = Release|Any CPU
		{BE9CF273-383A-49F9-B908-68BA7AC650A9}.Debug|Any CPU.ActiveCfg = Debug|Any CPU
		{BE9CF273-383A-49F9-B908-68BA7AC650A9}.Debug|Any CPU.Build.0 = Debug|Any CPU
		{BE9CF273-383A-49F9-B908-68BA7AC650A9}.Release|Any CPU.ActiveCfg = Release|Any CPU
		{BE9CF273-383A-49F9-B908-68BA7AC650A9}.Release|Any CPU.Build.0 = Release|Any CPU
		{01D204B2-217E-4292-AFF6-84ADC197B612}.Debug|Any CPU.ActiveCfg = Debug|Any CPU
		{01D204B2-217E-4292-AFF6-84ADC197B612}.Debug|Any CPU.Build.0 = Debug|Any CPU
		{01D204B2-217E-4292-AFF6-84ADC197B612}.Release|Any CPU.ActiveCfg = Release|Any CPU
		{01D204B2-217E-4292-AFF6-84ADC197B612}.Release|Any CPU.Build.0 = Release|Any CPU
	EndGlobalSection
	GlobalSection(SolutionProperties) = preSolution
		HideSolutionNode = FALSE
	EndGlobalSection
	GlobalSection(NestedProjects) = preSolution
		{74BB43A6-562C-44BC-9CD5-C6CB26BE3D0A} = {6F010296-B705-4B9A-B3AC-B605A2256A0D}
		{605801E7-E994-4FFB-9832-7FAAB687687A} = {6F010296-B705-4B9A-B3AC-B605A2256A0D}
		{90C56993-BE08-466F-847A-C36EB92C62A2} = {6F010296-B705-4B9A-B3AC-B605A2256A0D}
		{8FCF2DC4-220A-4F92-8F70-7718E2A4654D} = {A1DBCA68-CFFA-4555-9229-A7D6E2B5108F}
		{DE828E88-F2E1-46C6-9629-CA4E99FBA69F} = {A1DBCA68-CFFA-4555-9229-A7D6E2B5108F}
		{5E8159A1-8B40-4889-B205-7C7F8183EB0F} = {A1DBCA68-CFFA-4555-9229-A7D6E2B5108F}
		{256F4F22-AB77-4708-978B-9C9397CBB04D} = {57A5C0E3-4211-4A4A-9107-231D83EF469E}
		{76AFBC2E-45B5-4379-8AA9-805EDBDDF4B2} = {57A5C0E3-4211-4A4A-9107-231D83EF469E}
		{0262C826-F833-4C5F-8F6F-FECD3EF47534} = {57A5C0E3-4211-4A4A-9107-231D83EF469E}
		{1B45BD6C-7052-4A30-9EEA-F701ED74FD23} = {C46D4B67-1DF1-4CAA-A63F-6703E2AE9E94}
		{ECAB5933-F614-4712-B97C-A40E831E877D} = {C46D4B67-1DF1-4CAA-A63F-6703E2AE9E94}
		{1BBE7741-C6A8-4000-BB08-C96D4EB161B4} = {C46D4B67-1DF1-4CAA-A63F-6703E2AE9E94}
		{46A27EAE-7AD3-40CC-8168-80AFB7DB981A} = {37AC7A03-8ABF-4518-B1F6-7F3C204C6D75}
		{BE9CF273-383A-49F9-B908-68BA7AC650A9} = {37AC7A03-8ABF-4518-B1F6-7F3C204C6D75}
		{01D204B2-217E-4292-AFF6-84ADC197B612} = {37AC7A03-8ABF-4518-B1F6-7F3C204C6D75}
	EndGlobalSection
	GlobalSection(ExtensibilityGlobals) = postSolution
		SolutionGuid = {A7A35701-A4C3-47F5-8AA6-4E9066496654}
	EndGlobalSection
EndGlobal
